
Microsoft Visual Studio Solution File, Format Version 12.00
# Visual Studio Version 17
VisualStudioVersion = 17.3.32922.545
MinimumVisualStudioVersion = 10.0.40219.1
Project("{FAE04EC0-301F-11D3-BF4B-00C04F79EFBC}") = "ExcerciseLinkedList_D", "ExcerciseLinkedList_D\ExcerciseLinkedList_D.csproj", "{77CA4A3C-EB85-4754-81F5-0DB7B0C8E315}"
EndProject
Global
	GlobalSection(SolutionConfigurationPlatforms) = preSolution
		Debug|Any CPU = Debug|Any CPU
		Release|Any CPU = Release|Any CPU
	EndGlobalSection
	GlobalSection(ProjectConfigurationPlatforms) = postSolution
		{77CA4A3C-EB85-4754-81F5-0DB7B0C8E315}.Debug|Any CPU.ActiveCfg = Debug|Any CPU
		{77CA4A3C-EB85-4754-81F5-0DB7B0C8E315}.Debug|Any CPU.Build.0 = Debug|Any CPU
		{77CA4A3C-EB85-4754-81F5-0DB7B0C8E315}.Release|Any CPU.ActiveCfg = Release|Any CPU
		{77CA4A3C-EB85-4754-81F5-0DB7B0C8E315}.Release|Any CPU.Build.0 = Release|Any CPU
	EndGlobalSection
	GlobalSection(SolutionProperties) = preSolution
		HideSolutionNode = FALSE
	EndGlobalSection
	GlobalSection(ExtensibilityGlobals) = postSolution
		SolutionGuid = {249B7A86-E113-418F-8648-D38E9964EB94}
	EndGlobalSection
EndGlobal
